{
    "_meta": {
        "hash": {
            "sha256": "937fa812466226825be045d768106446e44182b75a29548ebb6733ba0252f29c"
        },
        "pipfile-spec": 6,
        "requires": {
            "python_version": "3.6"
        },
        "sources": [
            {
                "name": "pypi",
                "url": "https://pypi.python.org/simple",
                "verify_ssl": true
            }
        ]
    },
    "default": {
        "amqp": {
            "hashes": [
                "sha256:4e28d3ea61a64ae61830000c909662cb053642efddbe96503db0e7783a6ee85b",
                "sha256:cba1ace9d4ff6049b190d8b7991f9c1006b443a5238021aca96dd6ad2ac9da22"
            ],
            "version": "==2.2.2"
        },
        "billiard": {
            "hashes": [
                "sha256:1d7b22bdc47aa52841120fcd22a74ae4fc8c13e9d3935643098184f5788c3ce6",
                "sha256:abd9ce008c9a71ccde2c816f8daa36246e92a21e6a799831b887d88277187ecd"
            ],
            "version": "==3.5.0.3"
        },
        "cachetools": {
            "hashes": [
                "sha256:90f1d559512fc073483fe573ef5ceb39bf6ad3d39edc98dc55178a2b2b176fa3",
                "sha256:d1c398969c478d336f767ba02040fa22617333293fb0b8968e79b16028dfee35"
            ],
            "version": "==2.1.0"
        },
        "celery": {
            "hashes": [
                "sha256:77ff3730198d6a17b3c1f05579ebe570b579efb35f6d7e13dba3b1368d068b35",
                "sha256:81a67f0d53a688ec2bc8557bd5d6d7218f925a6f2e6df80e01560de9e28997ec"
            ],
            "index": "pypi",
            "version": "==4.1.0"
        },
        "certifi": {
            "hashes": [
                "sha256:13e698f54293db9f89122b0581843a782ad0934a4fe0172d2a980ba77fc61bb7",
                "sha256:9fa520c1bacfb634fa7af20a76bcbd3d5fb390481724c597da32c719a7dca4b0"
            ],
            "version": "==2018.4.16"
        },
        "chardet": {
            "hashes": [
                "sha256:84ab92ed1c4d4f16916e05906b6b75a6c0fb5db821cc65e70cbd64a3e2a5eaae",
                "sha256:fc323ffcaeaed0e0a02bf4d117757b98aed530d9ed4531e3e15460124c106691"
            ],
            "version": "==3.0.4"
        },
        "cidc-utils": {
            "git": "https://github.com/dfci/cidc-utils"
        },
        "coverage": {
            "hashes": [
                "sha256:03481e81d558d30d230bc12999e3edffe392d244349a90f4ef9b88425fac74ba",
                "sha256:0b136648de27201056c1869a6c0d4e23f464750fd9a9ba9750b8336a244429ed",
                "sha256:104ab3934abaf5be871a583541e8829d6c19ce7bde2923b2751e0d3ca44db60a",
                "sha256:15b111b6a0f46ee1a485414a52a7ad1d703bdf984e9ed3c288a4414d3871dcbd",
                "sha256:198626739a79b09fa0a2f06e083ffd12eb55449b5f8bfdbeed1df4910b2ca640",
                "sha256:1c383d2ef13ade2acc636556fd544dba6e14fa30755f26812f54300e401f98f2",
                "sha256:28b2191e7283f4f3568962e373b47ef7f0392993bb6660d079c62bd50fe9d162",
                "sha256:2eb564bbf7816a9d68dd3369a510be3327f1c618d2357fa6b1216994c2e3d508",
                "sha256:337ded681dd2ef9ca04ef5d93cfc87e52e09db2594c296b4a0a3662cb1b41249",
                "sha256:3a2184c6d797a125dca8367878d3b9a178b6fdd05fdc2d35d758c3006a1cd694",
                "sha256:3c79a6f7b95751cdebcd9037e4d06f8d5a9b60e4ed0cd231342aa8ad7124882a",
                "sha256:3d72c20bd105022d29b14a7d628462ebdc61de2f303322c0212a054352f3b287",
                "sha256:3eb42bf89a6be7deb64116dd1cc4b08171734d721e7a7e57ad64cc4ef29ed2f1",
                "sha256:4635a184d0bbe537aa185a34193898eee409332a8ccb27eea36f262566585000",
                "sha256:56e448f051a201c5ebbaa86a5efd0ca90d327204d8b059ab25ad0f35fbfd79f1",
                "sha256:5a13ea7911ff5e1796b6d5e4fbbf6952381a611209b736d48e675c2756f3f74e",
                "sha256:69bf008a06b76619d3c3f3b1983f5145c75a305a0fea513aca094cae5c40a8f5",
                "sha256:6bc583dc18d5979dc0f6cec26a8603129de0304d5ae1f17e57a12834e7235062",
                "sha256:701cd6093d63e6b8ad7009d8a92425428bc4d6e7ab8d75efbb665c806c1d79ba",
                "sha256:7608a3dd5d73cb06c531b8925e0ef8d3de31fed2544a7de6c63960a1e73ea4bc",
                "sha256:76ecd006d1d8f739430ec50cc872889af1f9c1b6b8f48e29941814b09b0fd3cc",
                "sha256:7aa36d2b844a3e4a4b356708d79fd2c260281a7390d678a10b91ca595ddc9e99",
                "sha256:7d3f553904b0c5c016d1dad058a7554c7ac4c91a789fca496e7d8347ad040653",
                "sha256:7e1fe19bd6dce69d9fd159d8e4a80a8f52101380d5d3a4d374b6d3eae0e5de9c",
                "sha256:8c3cb8c35ec4d9506979b4cf90ee9918bc2e49f84189d9bf5c36c0c1119c6558",
                "sha256:9d6dd10d49e01571bf6e147d3b505141ffc093a06756c60b053a859cb2128b1f",
                "sha256:9e112fcbe0148a6fa4f0a02e8d58e94470fc6cb82a5481618fea901699bf34c4",
                "sha256:ac4fef68da01116a5c117eba4dd46f2e06847a497de5ed1d64bb99a5fda1ef91",
                "sha256:b8815995e050764c8610dbc82641807d196927c3dbed207f0a079833ffcf588d",
                "sha256:be6cfcd8053d13f5f5eeb284aa8a814220c3da1b0078fa859011c7fffd86dab9",
                "sha256:c1bb572fab8208c400adaf06a8133ac0712179a334c09224fb11393e920abcdd",
                "sha256:de4418dadaa1c01d497e539210cb6baa015965526ff5afc078c57ca69160108d",
                "sha256:e05cb4d9aad6233d67e0541caa7e511fa4047ed7750ec2510d466e806e0255d6",
                "sha256:e4d96c07229f58cb686120f168276e434660e4358cc9cf3b0464210b04913e77",
                "sha256:f3f501f345f24383c0000395b26b726e46758b71393267aeae0bd36f8b3ade80",
                "sha256:f8a923a85cb099422ad5a2e345fe877bbc89a8a8b23235824a93488150e45f6e"
            ],
            "version": "==4.5.1"
        },
        "dill": {
            "hashes": [
                "sha256:97fd758f5fe742d42b11ec8318ecfcff8776bccacbfcec05dfd6276f5d450f73"
            ],
            "version": "==0.2.7.1"
        },
        "future": {
            "hashes": [
                "sha256:e39ced1ab767b5936646cedba8bcce582398233d6a627067d4c6a454c90cfedb"
            ],
            "version": "==0.16.0"
        },
        "gapic-google-cloud-datastore-v1": {
            "hashes": [
                "sha256:d5d0e6f7b4996a8dd5f4f5ad27cd389a5d7bedd07e6e9b9f3a4a3c3ea56d9053"
            ],
            "version": "==0.15.3"
        },
        "gapic-google-cloud-error-reporting-v1beta1": {
            "hashes": [
                "sha256:39f3f8e974441fb57ea98d0be0f4cdedd18cda9a628aec31e1f0841affab6f16"
            ],
            "version": "==0.15.3"
        },
        "gapic-google-cloud-logging-v2": {
            "hashes": [
                "sha256:b0b87bf56c50e4617fb539e5c36f2e286ba87c67a9b1ef5c9ec854d6d7b10023"
            ],
            "version": "==0.91.3"
        },
        "google-api-core": {
            "hashes": [
                "sha256:0144d467083ed54d2e8ccb4212d42c3724fe0b844b7d3a0ff85aea54b7ae8347",
                "sha256:1698e4af4edd2a8ec22d678fd9abe99c926c3a154b2232f32807946ca49e3da1"
            ],
            "version": "==0.1.4"
        },
        "google-auth": {
            "hashes": [
                "sha256:34088434cb2a2409360b8f3cbc04195a465df1fb2aafad71ebbded77cbf08803",
                "sha256:9051802d3dae256036cca9e34633a32c0ed1427730d4ebc513dff91ec8b6dd45"
            ],
            "version": "==1.4.1"
        },
        "google-cloud": {
            "hashes": [
                "sha256:21a11ad63cc29cfd4e4b6426947bdc2cbefe080f87ad68fa432cf2ac108cb87d",
                "sha256:a99ee610e058c2af84ca1da710afe80fca022d2572c4bce78f6fdecac6b32d07"
            ],
            "index": "pypi",
            "version": "==0.32.0"
        },
        "google-cloud-bigquery": {
            "hashes": [
                "sha256:1c5a42332b43b58d6039fbca697a88c230487212afb6b4a6cbe0d5f3d5685785",
                "sha256:511f27e5e398f8bb4dcad914596e32fe5bcb111257f032d93956a2dcced4a00f"
            ],
            "version": "==0.28.0"
        },
        "google-cloud-bigquery-datatransfer": {
            "hashes": [
                "sha256:c0a290f9456b52c633cf966c73311038eb2d3fd5a61b40059edad966a434e4f9",
                "sha256:f5b5d0de43805fa9ebb620c58e1d27e6d32d2fc8e9a2f954ee170f7a026c8757"
            ],
            "version": "==0.1.1"
        },
        "google-cloud-bigtable": {
            "hashes": [
                "sha256:22c7148dc339be791d2bf4616c87e523507618570356148375c631de412f551b",
                "sha256:7f86d2c8d7f22670da98fd67bcdc17cab793f7400725c8148b05ad829c02b95e"
            ],
            "version": "==0.28.1"
        },
        "google-cloud-container": {
            "hashes": [
                "sha256:275de3032de5696cd976459966e911abd3a1b624c7a918a8137a0308898e4f90",
                "sha256:a89afcb1fe96bc9361c231c223c3bbe19fa3787caeb4697cd5778990e1077270"
            ],
            "version": "==0.1.1"
        },
        "google-cloud-core": {
            "hashes": [
                "sha256:0090df83dbc5cb2405fa90844366d13176d1c0b48181c1807ab15f53be403f73",
                "sha256:89e8140a288acec20c5e56159461d3afa4073570c9758c05d4e6cb7f2f8cc440"
            ],
            "version": "==0.28.1"
        },
        "google-cloud-datastore": {
            "hashes": [
                "sha256:3094b38df19a0a6663b614122d97efcfeab35baf770070e960f6792522307997",
                "sha256:7cc7a48945dd0ec8aea2d8a169f8a3dfd84608392b00b514b4421b5a716b3263"
            ],
            "version": "==1.4.0"
        },
        "google-cloud-dns": {
            "hashes": [
                "sha256:2edcb33ea0025545746962839373ff6d314a5fac779fd7f7ddd0e592196fbb14",
                "sha256:5db79c21a2ee72854609db88d5a4ae897c32bf77bf6b51b3290e013b2db49e07"
            ],
            "version": "==0.28.0"
        },
        "google-cloud-error-reporting": {
            "hashes": [
                "sha256:6398c5963599f834d2ba2effbca4f67dbd21034252d33d0f367d1a7c868cfb98",
                "sha256:d4bdc20b5704afddc12a464622153c250be62a9d38a57d0f9371a0a3f3e43c71"
            ],
            "version": "==0.28.0"
        },
        "google-cloud-firestore": {
            "hashes": [
                "sha256:91b1373faf1c763ce9cda915a82655918035e4d09e8d2399170122f94274c977",
                "sha256:c12fe5a017a56c8d617bdf83ace3970afba886c09fc0d6c0d24f36f8644dc178"
            ],
            "version": "==0.28.0"
        },
        "google-cloud-language": {
            "hashes": [
                "sha256:3db18fe29efdd254ccccf80ba81a0fb1b5febd7d9ece48a0d1f1b29965780008",
                "sha256:ccd6e454367fc15c53e84cb685cdab3352455f35850f618991101d525db36882"
            ],
            "version": "==1.0.2"
        },
        "google-cloud-logging": {
            "hashes": [
                "sha256:81ff672f3b4c6f2a182282aae68f7c3dafbbfc8dc7dcc0db8dc90cd288adc3b8",
                "sha256:a1567aa858fbe223973c698f12198e5828fa66f3d42dac27e81b246ff385cd70"
            ],
            "version": "==1.4.0"
        },
        "google-cloud-monitoring": {
            "hashes": [
                "sha256:534d66d97611c9c6e08823532f5144f6786d3a6103a6d5ed6411ac465faa5341",
                "sha256:c7a336a469cf186e3621fe36bf0e4f291ea43a76b4a532b744a167d756a8170d"
            ],
            "version": "==0.28.1"
        },
        "google-cloud-pubsub": {
            "hashes": [
                "sha256:059dcd1862e07a47920474b0fe38d40508d8c4881929f17696a3aba834b11027",
                "sha256:ff6e74390dfa097e3cee7d5f323aeed37a23dfb1faa762d9efced09f972415a4"
            ],
            "version": "==0.30.1"
        },
        "google-cloud-resource-manager": {
            "hashes": [
                "sha256:ed4eaab40164614db77496986fb2900d93cb1daa7e1a23fd20be7bd46705a8f3",
                "sha256:fc29c11dcbe9208261d377185a1ae5331bab43f2a592222a25c8aca9c8031308"
            ],
            "version": "==0.28.1"
        },
        "google-cloud-runtimeconfig": {
            "hashes": [
                "sha256:095a1dab0d7b8e02dff06bee7844bb283a1c2c6f2e7333eb9896419a30143d82",
                "sha256:f441fbc22e2d0871ecb390854aa352cf467d2751cbc0dac7578274ead813519e"
            ],
            "version": "==0.28.1"
        },
        "google-cloud-spanner": {
            "hashes": [
                "sha256:39707e37e2399df0a6ea7f5b636fc06858359a70af92ac485bbba9bf810a43e7",
                "sha256:bc4c6269b07d0982289d4ecd9b88da943e097ab2104c79ce18e4966766bb877b"
            ],
            "version": "==0.29.0"
        },
        "google-cloud-speech": {
            "hashes": [
                "sha256:76e42ffdea4bb9790cac34d5a4cdb2e2d47a0e254a27dbbaf40fbd10fdb04e31",
                "sha256:ea920710b2fa74175bacc1f90a2eb326038eeaf3ce364c29a40e7eb70c7c7132"
            ],
            "version": "==0.30.0"
        },
        "google-cloud-storage": {
            "hashes": [
                "sha256:5db85fa905f85377c5ea9ea0fb4c5602343d2ecc09395aa2efbf9a21d27233fc",
                "sha256:939266b7d5c6df6d45a1aee2c47a09313f813e87790335f00c57708b49480054"
            ],
            "version": "==1.6.0"
        },
        "google-cloud-trace": {
            "hashes": [
                "sha256:b45bc7934ee459e83f1a4b04ba7a0de1be9fe004bcf494b9ff2f75e18414642c",
                "sha256:c926f55c141caf9fd0e29991caaba03a6364fe997384e2f48c34051f0f690186"
            ],
            "version": "==0.17.0"
        },
        "google-cloud-translate": {
            "hashes": [
                "sha256:4420f5b320145bf097ca9a12b18ec27c067886e2832d181f268c46c3bcb0d2e4",
                "sha256:7706814d8ee1be9668b5c204852d44e7f6c51d44a2822df772b7b2fa3fb7c6bb"
            ],
            "version": "==1.3.1"
        },
        "google-cloud-videointelligence": {
            "hashes": [
                "sha256:5c18e64bf41fc5f8203d3b4f7a88921ff8d6a09b8ce343da866274fa375dcb82",
                "sha256:d46b94f8d37da565a90fb282a4053ee1379b4cbe1e2b51dfef75444fd5422e5d"
            ],
            "version": "==1.0.1"
        },
        "google-cloud-vision": {
            "hashes": [
                "sha256:9442d3456935654920f002efa846271dc68b19f5a0b3e2c314a9edd9f34f30a3",
                "sha256:a4cd3f64ac2c2586a56ea00d27c58306465e3277873cc9bfce3677e9ccb2b039"
            ],
            "version": "==0.29.0"
        },
        "google-gax": {
            "hashes": [
                "sha256:518e8d5eb90774af2041080d242f4bcec4c6e653226c693901eaf82eda8a395c",
                "sha256:bc60cdfed5c657ea8542ba8102fb43862a1c4809d98ca5aa1fcc92f9d4f7403d"
            ],
            "version": "==0.15.16"
        },
        "google-resumable-media": {
            "hashes": [
                "sha256:116de90b9cd483b17c53618ee6a5a20f33e741c648140c8cc9c2141e07616ff1",
                "sha256:97de518f8166d442cc0b61fab308bcd319dbb970981e667ec8ded44f5ce49836"
            ],
            "version": "==0.3.1"
        },
        "googleapis-common-protos": {
            "hashes": [
                "sha256:c075eddaa2628ab519e01b7d75b76e66c40eaa50fc52758d8225f84708950ef2"
            ],
            "version": "==1.5.3"
        },
        "grpc-google-iam-v1": {
            "hashes": [
                "sha256:5009e831dcec22f3ff00e89405249d6a838d1449a46ac8224907aa5b0e0b1aec"
            ],
            "version": "==0.11.4"
        },
        "grpcio": {
            "hashes": [
                "sha256:0ab865bb54db1130d9dd50c6dcbd1750420b662904c1b2f63410c9a5b7f48a1f",
                "sha256:13bfbad5ec3fb5af27e498a152023c1907f2e0a019d64874247e3c8e98c084a3",
                "sha256:1c5d81bc5f9f7c48cd1855e7faef4938bc3864fa86c9ee96960728d29396fd95",
                "sha256:1f5070a4a99dd31a59315ed33e7cba31b94c059e8760d4f98c235de70fdef4df",
                "sha256:2dc81180600b383f0277ae829203c7ad60bea4c07eabebe2bbadddf0da005978",
                "sha256:38e3ff46413b7bc03a97588074ca7549ed422488e1ddc146e9ada90bf1727a0b",
                "sha256:49aeff3e370d97b0e007c294504afcd39cff082b8edc772788d10179e65d6ca2",
                "sha256:57a1bae9aea706167a3caaff8141fbdd97874eca85a310b2b63d8f0514435a74",
                "sha256:5dda97279f89ea3f1a59da314064da86fd7d4ae26fe6642765ee9418c41e306e",
                "sha256:62348ee3fbf6c9adb8962be93a67515ab9117d3889c5b3c14410ddbd0ade70d9",
                "sha256:69e30516bd077f7c71a368f8b7acbeeac59994a7c5b8ce4ba150961a13d748a8",
                "sha256:6f8a738e4a9011911b95a429387e22101e5155e5de6c455f33114887d501b763",
                "sha256:731850bf53cf24461df3402168bad5d56c32bb15d3b2f55ee24cff0bb9e149a7",
                "sha256:93c95628c5e83f168797d237c703ed3fc83343a70c2124445a8e3b6065a496ae",
                "sha256:9c27cb8c4505eb397a76da2c0f822d13b949689027ebdde166aeb653b9b9d508",
                "sha256:b61d3a7c45aa08f15dfa735a6a8282b5097be91ff36ad347594d3945ffc12181",
                "sha256:bcaad8468c54f999734ccabc2cb20bf0cd3db2b71443b31f1f6873868d9b6f95",
                "sha256:c74d971557ef4ba503cd498a5dd8f581f997192da3b9613ac927117a286a7c8d",
                "sha256:d25ddada30b6aadd68d25aa03a33e80c33765814b285e84764d8e81c043d7a5a",
                "sha256:ee1a117538f65a2503d036908b064e0097fb7c7a80a0baee0d2cb8787ed4c992",
                "sha256:f3fb5b2cdc2790bb92f4f6c750f91b6b33b400cded44b8c9696efb898e671b7e",
                "sha256:f9a31ddc4ee2e36fbd6a0f42a26e53878edc09f2aa7d65729a403366d907cb7a",
                "sha256:fa962573a2dce6eae0c6661f9e3e2e5dfdfe39a82ef87ce63e54ee50fed41242"
            ],
            "index": "pypi",
            "version": "==1.9.0"
        },
        "httplib2": {
            "hashes": [
                "sha256:e71daed9a0e6373642db61166fa70beecc9bf04383477f84671348c02a04cbdf"
            ],
            "version": "==0.11.3"
        },
        "idna": {
            "hashes": [
                "sha256:2c6a5de3089009e3da7c5dde64a141dbc8551d5b7f6cf4ed7c2568d0cc520a8f",
                "sha256:8c7309c718f94b3a625cb648ace320157ad16ff131ae0af362c9f21b80ef6ec4"
            ],
            "version": "==2.6"
        },
        "kombu": {
            "hashes": [
                "sha256:01f0da9fe222a2183345004243d1518c0fbe5875955f1b24842f2d9c65709ade",
                "sha256:4249d9dd9dbf1fcec471d1c2def20653c9310dd1a217272d77e4844f9d5273cb"
            ],
            "version": "==4.1.0"
        },
        "nose2": {
            "hashes": [
                "sha256:954a62cfb2d2ac06dad32995cbc822bf00cc11e20d543963515932fd4eff33fa"
            ],
            "index": "pypi",
            "version": "==0.7.4"
        },
        "oauth2client": {
            "hashes": [
                "sha256:5b5b056ec6f2304e7920b632885bd157fa71d1a7f3ddd00a43b1541a8d1a2460"
            ],
            "version": "==3.0.0"
        },
        "ply": {
            "hashes": [
                "sha256:e7d1bdff026beb159c9942f7a17e102c375638d9478a7ecd4cc0c76afd8de0b8"
            ],
            "version": "==3.8"
        },
        "proto-google-cloud-datastore-v1": {
            "hashes": [
                "sha256:a431bb6a286107900c9ce3c48d316378867293c50a4d8a6c7393264600e916f9"
            ],
            "version": "==0.90.4"
        },
        "proto-google-cloud-error-reporting-v1beta1": {
            "hashes": [
                "sha256:526f49ae84dec16aa4740415c86a919d48206001d116d12df5badc5b2b051b82"
            ],
            "version": "==0.15.3"
        },
        "proto-google-cloud-logging-v2": {
            "hashes": [
                "sha256:e0538745f0f33760ffd5116f33385113835a3b2042a6c914923be0539e5280ce"
            ],
            "version": "==0.91.3"
        },
        "protobuf": {
            "hashes": [
                "sha256:01ccd6d03449ae75b779fb5bf4ed62177d61afe3c5e6465ccf3f8b2e1a84afbe",
                "sha256:1d92cc30b0b46cced33adde5853d920179eb5ea8eecdee9552502a7f29cc3f21",
                "sha256:242e4c7ae565267a8bc8b92d707177f915607ea4bd73244bec6cbf4a49b96661",
                "sha256:3b60685732bd0cbdc802dfcb6071efbcf5d927ce3127c13c33ea1a8efae3aa76",
                "sha256:3f655e1f99c3e14d56ca900af1b9a4715b691319a295cc38939d7f77eabd5e7c",
                "sha256:560a38e692a69957a70ba0e5839aa67430efd63072bf91b0539dac19055694cd",
                "sha256:5c1c8f6a0a68a874e3beff89255959dd80fad45870e96c88944a1b81a22dd5f5",
                "sha256:628a3bf0794a8b3cabb18db11eb67cc10e0cc6e5525d557ae7b682bb73fa2018",
                "sha256:7222d6616108b33ad6cbeff8117062a73c43cdc8fa8f64f6a322ebeb663e710e",
                "sha256:76ef6ca3c50e4cfd044861586d5f1b352e0fe7f17f883df6c165bad5b4d0e10a",
                "sha256:7c193e6964e752bd056735594826c5b03274ceb8f07349d3ae47d9766250ba96",
                "sha256:869e12bcfb5759e683f53ec1dd6155b7be034065431da289f0cb4510040a0799",
                "sha256:905414e5ea6cdb78d8730f66335755152b46685fcb9fc2f2134024e3ea9e8dcc",
                "sha256:ac0067e3c60737865ed72bb7416e02297d229d960902802d874c0e167128c809",
                "sha256:adf716a89c9cc1891ead79a861c427071ef59172f0e11967b00565a9547b3bd0",
                "sha256:bcfa99f5a82f5eaaf6e5cee5bfdca5a1670f5740aec1d93dae170645ed1a16b0",
                "sha256:cc94079ae6cbcea5ae194464a30f3223f075e06a0446f52bca9ddbeb6e9f412a",
                "sha256:d5d9edfdc5a3a01d06062d677b121081629782edf0e05ca1be14f15bb947eeee",
                "sha256:e269ab7a50bf0fa6fe6a88ea7dcc7a1079ae9450d9ab9b7730ac32916d55508b",
                "sha256:e7fd33a3474cbe18fd5b5620784a0fa21fcae3e402b1806e29c6b450c7f61706"
            ],
            "version": "==3.5.2.post1"
        },
        "psutil": {
            "hashes": [
                "sha256:325c334596ad2d8a178d0e7b4eecc91748096a87489b3701ee16986173000aaa",
                "sha256:33384065f0014351fa70187548e3e95952c4df4bc5c38648bd0e647d21eaaf01",
                "sha256:51e12aa74509832443862373a2655052b20c83cad7322f49d217452500b9a405",
                "sha256:52a91ba928a5e86e0249b4932d6e36972a72d1ad8dcc5b7f753a2ae14825a4ba",
                "sha256:99029b6af386b22882f0b6d537ffed5a9c3d5ff31782974aeaa1d683262d8543",
                "sha256:b10703a109cc9225cd588c207f7f93480a420ade35c13515ea8f20063b42a392",
                "sha256:ddba952ed256151844d82fb13c8fb1019fe11ecaeacbd659d67ba5661ae73d0d",
                "sha256:ebe293be36bb24b95cdefc5131635496e88b17fabbcf1e4bc9b5c01f5e489cfe",
                "sha256:f24cd52bafa06917935fe1b68c5a45593abe1f3097dc35b2dfc4718236795890"
            ],
            "version": "==5.4.5"
        },
        "pyasn1": {
            "hashes": [
                "sha256:0d7f6e959fe53f3960a23d73f35e1fce61348b30915b6664309ca756de7c1f89",
                "sha256:5a0db897b311d265cde49615cf783f1c78613138605cdd0f907ecfa5b2aba3ee",
                "sha256:758cb50abddc03e4563fd9e7f03db56e3e87b58c0bd01247360326e5c0c7ffa5",
                "sha256:7d626683e3d792cccc608da02498aff37ab4f3dafd8905d6bf755d11f9b26b43",
                "sha256:a7efe807c4b83a859e2735c692b92ed7b567cfddc4163763412920041d876c2b",
                "sha256:b5a9ca48055b9a20f6d1b3d68e38692e5431c86a0f99ea602e61294e891fee5b",
                "sha256:c07d6e587b2f928366b1f67c09bda026a3e6fcc99e80a744dc67f8fca3895626",
                "sha256:d258b0a71994f7770599835249cece1caef3c70def868c4915e6e5ca49b67d15",
                "sha256:d5cd6ed995dba16fad0c521cfe31cd2d68400b53fcc2bce93326829be73ab6d1",
                "sha256:d84c2aea3cf43780e9e6a19f4e4dddee9f6976519020e64e47c57e5c7a8c3dd2",
                "sha256:e85895087905c65b5b594eb91f7522664c85545b147d5f4d4e7b1b07da8dcbdc",
                "sha256:f81c96761fca60d64b1c9b79ec2e40cf9495a745cf570613079ef324aeb9672b"
            ],
            "version": "==0.4.2"
        },
        "pyasn1-modules": {
            "hashes": [
                "sha256:041e9fbafac548d095f5b6c3b328b80792f006196e15a232b731a83c93d59493",
                "sha256:0cdca76a68dcb701fff58c397de0ef9922b472b1cb3ea9695ca19d03f1869787",
                "sha256:0cea139045c38f84abaa803bcb4b5e8775ea12a42af10019d942f227acc426c3",
                "sha256:0f2e50d20bc670be170966638fa0ae603f0bc9ed6ebe8e97a6d1d4cef30cc889",
                "sha256:47fb6757ab78fe966e7c58b2030b546854f78416d653163f0ce9290cf2278e8b",
                "sha256:598a6004ec26a8ab40a39ea955068cf2a3949ad9c0030da970f2e1ca4c9f1cc9",
                "sha256:72fd8b0c11191da088147c6e4678ec53e573923ecf60b57eeac9e97433e09fc2",
                "sha256:854700bbdd01394e2ada9c1bfbd0ed9f5d0c551350dbbd023e88b11d2771ae06",
                "sha256:af00ea8f2022b6287dc375b2c70f31ab5af83989fc6fe9eacd4976ce26cd7ccc",
                "sha256:b1f395cae2d669e0830cb023aa86f9f283b7a9aa32317d7f80d8e78aa2745812",
                "sha256:c6747146e95d2b14cc2a8399b2b0bde3f93778f8f9ec704690d2b589c376c137",
                "sha256:f53fe5bcebdf318f51399b250fe8325ef3a26d927f012cc0c8e0f9e9af7f9deb"
            ],
            "version": "==0.2.1"
        },
        "python-dotenv": {
            "hashes": [
                "sha256:4965ed170bf51c347a89820e8050655e9c25db3837db6602e906b6d850fad85c",
                "sha256:509736185257111613009974e666568a1b031b028b61b500ef1ab4ee780089d5"
            ],
            "index": "pypi",
            "version": "==0.8.2"
        },
        "pytz": {
            "hashes": [
                "sha256:65ae0c8101309c45772196b21b74c46b2e5d11b6275c45d251b150d5da334555",
                "sha256:c06425302f2cf668f1bba7a0a03f3c1d34d4ebeef2c72003da308b3947c7f749"
            ],
            "version": "==2018.4"
        },
        "requests": {
            "hashes": [
                "sha256:6a1b267aa90cac58ac3a765d067950e7dbbf75b1da07e895d1f594193a40a38b",
                "sha256:9c443e7324ba5b85070c4a818ade28bfabedf16ea10206da1132edaa6dda237e"
            ],
            "index": "pypi",
            "version": "==2.18.4"
        },
        "rsa": {
            "hashes": [
                "sha256:25df4e10c263fb88b5ace923dd84bf9aa7f5019687b5e55382ffcdb8bede9db5",
                "sha256:43f682fea81c452c98d09fc316aae12de6d30c4b5c84226642cf8f8fd1c93abd"
            ],
            "version": "==3.4.2"
        },
        "six": {
            "hashes": [
                "sha256:70e8a77beed4562e7f14fe23a786b54f6296e34344c23bc42f07b15018ff98e9",
                "sha256:832dc0e10feb1aa2c68dcc57dbb658f1c7e65b9b61af69048abc87a2db00a0eb"
            ],
            "version": "==1.11.0"
        },
        "urllib3": {
            "hashes": [
                "sha256:06330f386d6e4b195fbfc736b297f58c5a892e4440e54d294d7004e3a9bbea1b",
                "sha256:cc44da8e1145637334317feebd728bd869a35285b93cbb4cca2577da7e62db4f"
            ],
            "version": "==1.22"
        },
        "vine": {
            "hashes": [
                "sha256:52116d59bc45392af9fdd3b75ed98ae48a93e822cee21e5fda249105c59a7a72",
                "sha256:6849544be74ec3638e84d90bc1cf2e1e9224cc10d96cd4383ec3f69e9bce077b"
            ],
            "version": "==1.1.4"
        }
    },
    "develop": {
        "astroid": {
            "hashes": [
                "sha256:032f6e09161e96f417ea7fad46d3fac7a9019c775f202182c22df0e4f714cb1c",
                "sha256:dea42ae6e0b789b543f728ddae7ddb6740ba33a49fb52c4a4d9cb7bb4aa6ec09"
            ],
            "version": "==1.6.4"
        },
        "isort": {
            "hashes": [
                "sha256:1153601da39a25b14ddc54955dbbacbb6b2d19135386699e2ad58517953b34af",
                "sha256:b9c40e9750f3d77e6e4d441d8b0266cf555e7cdabdcff33c4fd06366ca761ef8",
                "sha256:ec9ef8f4a9bc6f71eec99e1806bfa2de401650d996c59330782b89a5555c1497"
            ],
            "version": "==4.3.4"
        },
        "lazy-object-proxy": {
            "hashes": [
                "sha256:0ce34342b419bd8f018e6666bfef729aec3edf62345a53b537a4dcc115746a33",
                "sha256:1b668120716eb7ee21d8a38815e5eb3bb8211117d9a90b0f8e21722c0758cc39",
                "sha256:209615b0fe4624d79e50220ce3310ca1a9445fd8e6d3572a896e7f9146bbf019",
                "sha256:27bf62cb2b1a2068d443ff7097ee33393f8483b570b475db8ebf7e1cba64f088",
                "sha256:27ea6fd1c02dcc78172a82fc37fcc0992a94e4cecf53cb6d73f11749825bd98b",
                "sha256:2c1b21b44ac9beb0fc848d3993924147ba45c4ebc24be19825e57aabbe74a99e",
                "sha256:2df72ab12046a3496a92476020a1a0abf78b2a7db9ff4dc2036b8dd980203ae6",
                "sha256:320ffd3de9699d3892048baee45ebfbbf9388a7d65d832d7e580243ade426d2b",
                "sha256:50e3b9a464d5d08cc5227413db0d1c4707b6172e4d4d915c1c70e4de0bbff1f5",
                "sha256:5276db7ff62bb7b52f77f1f51ed58850e315154249aceb42e7f4c611f0f847ff",
                "sha256:61a6cf00dcb1a7f0c773ed4acc509cb636af2d6337a08f362413c76b2b47a8dd",
                "sha256:6ae6c4cb59f199d8827c5a07546b2ab7e85d262acaccaacd49b62f53f7c456f7",
                "sha256:7661d401d60d8bf15bb5da39e4dd72f5d764c5aff5a86ef52a042506e3e970ff",
                "sha256:7bd527f36a605c914efca5d3d014170b2cb184723e423d26b1fb2fd9108e264d",
                "sha256:7cb54db3535c8686ea12e9535eb087d32421184eacc6939ef15ef50f83a5e7e2",
                "sha256:7f3a2d740291f7f2c111d86a1c4851b70fb000a6c8883a59660d95ad57b9df35",
                "sha256:81304b7d8e9c824d058087dcb89144842c8e0dea6d281c031f59f0acf66963d4",
                "sha256:933947e8b4fbe617a51528b09851685138b49d511af0b6c0da2539115d6d4514",
                "sha256:94223d7f060301b3a8c09c9b3bc3294b56b2188e7d8179c762a1cda72c979252",
                "sha256:ab3ca49afcb47058393b0122428358d2fbe0408cf99f1b58b295cfeb4ed39109",
                "sha256:bd6292f565ca46dee4e737ebcc20742e3b5be2b01556dafe169f6c65d088875f",
                "sha256:cb924aa3e4a3fb644d0c463cad5bc2572649a6a3f68a7f8e4fbe44aaa6d77e4c",
                "sha256:d0fc7a286feac9077ec52a927fc9fe8fe2fabab95426722be4c953c9a8bede92",
                "sha256:ddc34786490a6e4ec0a855d401034cbd1242ef186c20d79d2166d6a4bd449577",
                "sha256:e34b155e36fa9da7e1b7c738ed7767fc9491a62ec6af70fe9da4a057759edc2d",
                "sha256:e5b9e8f6bda48460b7b143c3821b21b452cb3a835e6bbd5dd33aa0c8d3f5137d",
                "sha256:e81ebf6c5ee9684be8f2c87563880f93eedd56dd2b6146d8a725b50b7e5adb0f",
                "sha256:eb91be369f945f10d3a49f5f9be8b3d0b93a4c2be8f8a5b83b0571b8123e0a7a",
                "sha256:f460d1ceb0e4a5dcb2a652db0904224f367c9b3c1470d5a7683c0480e582468b"
            ],
            "version": "==1.3.1"
        },
        "mccabe": {
            "hashes": [
                "sha256:ab8a6258860da4b6677da4bd2fe5dc2c659cff31b3ee4f7f5d64e79735b80d42",
                "sha256:dd8d182285a0fe56bace7f45b5e7d1a6ebcbf524e8f3bd87eb0f125271b8831f"
            ],
            "version": "==0.6.1"
        },
        "pep8": {
            "hashes": [
                "sha256:b22cfae5db09833bb9bd7c8463b53e1a9c9b39f12e304a8d0bba729c501827ee",
                "sha256:fe249b52e20498e59e0b5c5256aa52ee99fc295b26ec9eaa85776ffdb9fe6374"
            ],
            "index": "pypi",
            "version": "==1.7.1"
        },
        "pylint": {
            "hashes": [
                "sha256:b719c86a7395ea0c0ec8030c2a7a2b4fad573ee50460f9948fabb1811d72094f",
                "sha256:cf1be367296e9e534a5cb420186ce99f63f17c2b855fcb4321a3e20ce51502cd"
            ],
            "index": "pypi",
            "version": "==1.9.0"
        },
        "six": {
            "hashes": [
                "sha256:70e8a77beed4562e7f14fe23a786b54f6296e34344c23bc42f07b15018ff98e9",
                "sha256:832dc0e10feb1aa2c68dcc57dbb658f1c7e65b9b61af69048abc87a2db00a0eb"
            ],
            "version": "==1.11.0"
        },
        "wrapt": {
            "hashes": [
                "sha256:d4d560d479f2c21e1b5443bbd15fe7ec4b37fe7e53d335d3b9b0a7b1226fe3c6"
            ],
            "version": "==1.10.11"
        }
    }
}
