{
    "_meta": {
        "hash": {
            "sha256": "a93e519f7c905ba75a3d3177cfcf894e2b5d9ceb15b18076082283cb17cc02e2"
        },
        "pipfile-spec": 6,
        "requires": {
            "python_version": "3.6"
        },
        "sources": [
            {
                "name": "pypi",
                "url": "https://pypi.python.org/simple",
                "verify_ssl": true
            }
        ]
    },
    "default": {
        "amqp": {
            "hashes": [
                "sha256:073dd02fdd73041bffc913b767866015147b61f2a9bc104daef172fc1a0066eb",
                "sha256:eed41946890cd43e8dee44a316b85cf6fee5a1a34bb4a562b660a358eb529e1b"
            ],
            "version": "==2.3.2"
        },
        "billiard": {
            "hashes": [
                "sha256:ed65448da5877b5558f19d2f7f11f8355ea76b3e63e1c0a6059f47cfae5f1c84"
            ],
            "version": "==3.5.0.4"
        },
        "cachetools": {
            "hashes": [
                "sha256:90f1d559512fc073483fe573ef5ceb39bf6ad3d39edc98dc55178a2b2b176fa3",
                "sha256:d1c398969c478d336f767ba02040fa22617333293fb0b8968e79b16028dfee35"
            ],
            "version": "==2.1.0"
        },
        "celery": {
            "hashes": [
                "sha256:77ff3730198d6a17b3c1f05579ebe570b579efb35f6d7e13dba3b1368d068b35",
                "sha256:81a67f0d53a688ec2bc8557bd5d6d7218f925a6f2e6df80e01560de9e28997ec"
            ],
            "index": "pypi",
            "version": "==4.1.0"
        },
        "certifi": {
            "hashes": [
                "sha256:13e698f54293db9f89122b0581843a782ad0934a4fe0172d2a980ba77fc61bb7",
                "sha256:9fa520c1bacfb634fa7af20a76bcbd3d5fb390481724c597da32c719a7dca4b0"
            ],
            "version": "==2018.4.16"
        },
        "chardet": {
            "hashes": [
                "sha256:84ab92ed1c4d4f16916e05906b6b75a6c0fb5db821cc65e70cbd64a3e2a5eaae",
                "sha256:fc323ffcaeaed0e0a02bf4d117757b98aed530d9ed4531e3e15460124c106691"
            ],
            "version": "==3.0.4"
        },
        "cidc-utils": {
            "git": "https://github.com/dfci/cidc-utils"
        },
        "coverage": {
            "hashes": [
                "sha256:03481e81d558d30d230bc12999e3edffe392d244349a90f4ef9b88425fac74ba",
                "sha256:0b136648de27201056c1869a6c0d4e23f464750fd9a9ba9750b8336a244429ed",
                "sha256:104ab3934abaf5be871a583541e8829d6c19ce7bde2923b2751e0d3ca44db60a",
                "sha256:15b111b6a0f46ee1a485414a52a7ad1d703bdf984e9ed3c288a4414d3871dcbd",
                "sha256:198626739a79b09fa0a2f06e083ffd12eb55449b5f8bfdbeed1df4910b2ca640",
                "sha256:1c383d2ef13ade2acc636556fd544dba6e14fa30755f26812f54300e401f98f2",
                "sha256:28b2191e7283f4f3568962e373b47ef7f0392993bb6660d079c62bd50fe9d162",
                "sha256:2eb564bbf7816a9d68dd3369a510be3327f1c618d2357fa6b1216994c2e3d508",
                "sha256:337ded681dd2ef9ca04ef5d93cfc87e52e09db2594c296b4a0a3662cb1b41249",
                "sha256:3a2184c6d797a125dca8367878d3b9a178b6fdd05fdc2d35d758c3006a1cd694",
                "sha256:3c79a6f7b95751cdebcd9037e4d06f8d5a9b60e4ed0cd231342aa8ad7124882a",
                "sha256:3d72c20bd105022d29b14a7d628462ebdc61de2f303322c0212a054352f3b287",
                "sha256:3eb42bf89a6be7deb64116dd1cc4b08171734d721e7a7e57ad64cc4ef29ed2f1",
                "sha256:4635a184d0bbe537aa185a34193898eee409332a8ccb27eea36f262566585000",
                "sha256:56e448f051a201c5ebbaa86a5efd0ca90d327204d8b059ab25ad0f35fbfd79f1",
                "sha256:5a13ea7911ff5e1796b6d5e4fbbf6952381a611209b736d48e675c2756f3f74e",
                "sha256:69bf008a06b76619d3c3f3b1983f5145c75a305a0fea513aca094cae5c40a8f5",
                "sha256:6bc583dc18d5979dc0f6cec26a8603129de0304d5ae1f17e57a12834e7235062",
                "sha256:701cd6093d63e6b8ad7009d8a92425428bc4d6e7ab8d75efbb665c806c1d79ba",
                "sha256:7608a3dd5d73cb06c531b8925e0ef8d3de31fed2544a7de6c63960a1e73ea4bc",
                "sha256:76ecd006d1d8f739430ec50cc872889af1f9c1b6b8f48e29941814b09b0fd3cc",
                "sha256:7aa36d2b844a3e4a4b356708d79fd2c260281a7390d678a10b91ca595ddc9e99",
                "sha256:7d3f553904b0c5c016d1dad058a7554c7ac4c91a789fca496e7d8347ad040653",
                "sha256:7e1fe19bd6dce69d9fd159d8e4a80a8f52101380d5d3a4d374b6d3eae0e5de9c",
                "sha256:8c3cb8c35ec4d9506979b4cf90ee9918bc2e49f84189d9bf5c36c0c1119c6558",
                "sha256:9d6dd10d49e01571bf6e147d3b505141ffc093a06756c60b053a859cb2128b1f",
                "sha256:9e112fcbe0148a6fa4f0a02e8d58e94470fc6cb82a5481618fea901699bf34c4",
                "sha256:ac4fef68da01116a5c117eba4dd46f2e06847a497de5ed1d64bb99a5fda1ef91",
                "sha256:b8815995e050764c8610dbc82641807d196927c3dbed207f0a079833ffcf588d",
                "sha256:be6cfcd8053d13f5f5eeb284aa8a814220c3da1b0078fa859011c7fffd86dab9",
                "sha256:c1bb572fab8208c400adaf06a8133ac0712179a334c09224fb11393e920abcdd",
                "sha256:de4418dadaa1c01d497e539210cb6baa015965526ff5afc078c57ca69160108d",
                "sha256:e05cb4d9aad6233d67e0541caa7e511fa4047ed7750ec2510d466e806e0255d6",
                "sha256:e4d96c07229f58cb686120f168276e434660e4358cc9cf3b0464210b04913e77",
                "sha256:f3f501f345f24383c0000395b26b726e46758b71393267aeae0bd36f8b3ade80",
                "sha256:f8a923a85cb099422ad5a2e345fe877bbc89a8a8b23235824a93488150e45f6e"
            ],
            "version": "==4.5.1"
        },
        "dill": {
            "hashes": [
                "sha256:624dc244b94371bb2d6e7f40084228a2edfff02373fe20e018bef1ee92fdd5b3"
            ],
            "version": "==0.2.8.2"
        },
        "future": {
            "hashes": [
                "sha256:e39ced1ab767b5936646cedba8bcce582398233d6a627067d4c6a454c90cfedb"
            ],
            "version": "==0.16.0"
        },
        "gapic-google-cloud-datastore-v1": {
            "hashes": [
                "sha256:d5d0e6f7b4996a8dd5f4f5ad27cd389a5d7bedd07e6e9b9f3a4a3c3ea56d9053"
            ],
            "version": "==0.15.3"
        },
        "gapic-google-cloud-error-reporting-v1beta1": {
            "hashes": [
                "sha256:39f3f8e974441fb57ea98d0be0f4cdedd18cda9a628aec31e1f0841affab6f16"
            ],
            "version": "==0.15.3"
        },
        "gapic-google-cloud-logging-v2": {
            "hashes": [
                "sha256:b0b87bf56c50e4617fb539e5c36f2e286ba87c67a9b1ef5c9ec854d6d7b10023"
            ],
            "version": "==0.91.3"
        },
        "google-api-core": {
            "hashes": [
                "sha256:0144d467083ed54d2e8ccb4212d42c3724fe0b844b7d3a0ff85aea54b7ae8347",
                "sha256:1698e4af4edd2a8ec22d678fd9abe99c926c3a154b2232f32807946ca49e3da1"
            ],
            "version": "==0.1.4"
        },
        "google-auth": {
            "hashes": [
                "sha256:1745c9066f698eac3da99cef082914495fb71bc09597ba7626efbbb64c4acc57",
                "sha256:82a34e1a59ad35f01484d283d2a36b7a24c8c404a03a71b3afddd0a4d31e169f"
            ],
            "version": "==1.5.0"
        },
        "google-cloud": {
            "hashes": [
                "sha256:67494b9754bd0a1e350dd00fe65faf3e0cfc0ae5f60a0dd57a3744d1bc7bb5ba"
            ],
            "index": "pypi",
            "version": "==0.33.1"
        },
        "google-cloud-bigquery": {
            "hashes": [
                "sha256:1c5a42332b43b58d6039fbca697a88c230487212afb6b4a6cbe0d5f3d5685785",
                "sha256:511f27e5e398f8bb4dcad914596e32fe5bcb111257f032d93956a2dcced4a00f"
            ],
            "version": "==0.28.0"
        },
        "google-cloud-bigquery-datatransfer": {
            "hashes": [
                "sha256:c0a290f9456b52c633cf966c73311038eb2d3fd5a61b40059edad966a434e4f9",
                "sha256:f5b5d0de43805fa9ebb620c58e1d27e6d32d2fc8e9a2f954ee170f7a026c8757"
            ],
            "version": "==0.1.1"
        },
        "google-cloud-bigtable": {
            "hashes": [
                "sha256:22c7148dc339be791d2bf4616c87e523507618570356148375c631de412f551b",
                "sha256:7f86d2c8d7f22670da98fd67bcdc17cab793f7400725c8148b05ad829c02b95e"
            ],
            "version": "==0.28.1"
        },
        "google-cloud-container": {
            "hashes": [
                "sha256:275de3032de5696cd976459966e911abd3a1b624c7a918a8137a0308898e4f90",
                "sha256:a89afcb1fe96bc9361c231c223c3bbe19fa3787caeb4697cd5778990e1077270"
            ],
            "version": "==0.1.1"
        },
        "google-cloud-core": {
            "hashes": [
                "sha256:0090df83dbc5cb2405fa90844366d13176d1c0b48181c1807ab15f53be403f73",
                "sha256:89e8140a288acec20c5e56159461d3afa4073570c9758c05d4e6cb7f2f8cc440"
            ],
            "version": "==0.28.1"
        },
        "google-cloud-datastore": {
            "hashes": [
                "sha256:3094b38df19a0a6663b614122d97efcfeab35baf770070e960f6792522307997",
                "sha256:7cc7a48945dd0ec8aea2d8a169f8a3dfd84608392b00b514b4421b5a716b3263"
            ],
            "version": "==1.4.0"
        },
        "google-cloud-dns": {
            "hashes": [
                "sha256:2edcb33ea0025545746962839373ff6d314a5fac779fd7f7ddd0e592196fbb14",
                "sha256:5db79c21a2ee72854609db88d5a4ae897c32bf77bf6b51b3290e013b2db49e07"
            ],
            "version": "==0.28.0"
        },
        "google-cloud-error-reporting": {
            "hashes": [
                "sha256:6398c5963599f834d2ba2effbca4f67dbd21034252d33d0f367d1a7c868cfb98",
                "sha256:d4bdc20b5704afddc12a464622153c250be62a9d38a57d0f9371a0a3f3e43c71"
            ],
            "version": "==0.28.0"
        },
        "google-cloud-firestore": {
            "hashes": [
                "sha256:91b1373faf1c763ce9cda915a82655918035e4d09e8d2399170122f94274c977",
                "sha256:c12fe5a017a56c8d617bdf83ace3970afba886c09fc0d6c0d24f36f8644dc178"
            ],
            "version": "==0.28.0"
        },
        "google-cloud-language": {
            "hashes": [
                "sha256:3db18fe29efdd254ccccf80ba81a0fb1b5febd7d9ece48a0d1f1b29965780008",
                "sha256:ccd6e454367fc15c53e84cb685cdab3352455f35850f618991101d525db36882"
            ],
            "version": "==1.0.2"
        },
        "google-cloud-logging": {
            "hashes": [
                "sha256:81ff672f3b4c6f2a182282aae68f7c3dafbbfc8dc7dcc0db8dc90cd288adc3b8",
                "sha256:a1567aa858fbe223973c698f12198e5828fa66f3d42dac27e81b246ff385cd70"
            ],
            "version": "==1.4.0"
        },
        "google-cloud-monitoring": {
            "hashes": [
                "sha256:534d66d97611c9c6e08823532f5144f6786d3a6103a6d5ed6411ac465faa5341",
                "sha256:c7a336a469cf186e3621fe36bf0e4f291ea43a76b4a532b744a167d756a8170d"
            ],
            "version": "==0.28.1"
        },
        "google-cloud-pubsub": {
            "hashes": [
                "sha256:059dcd1862e07a47920474b0fe38d40508d8c4881929f17696a3aba834b11027",
                "sha256:ff6e74390dfa097e3cee7d5f323aeed37a23dfb1faa762d9efced09f972415a4"
            ],
            "version": "==0.30.1"
        },
        "google-cloud-resource-manager": {
            "hashes": [
                "sha256:ed4eaab40164614db77496986fb2900d93cb1daa7e1a23fd20be7bd46705a8f3",
                "sha256:fc29c11dcbe9208261d377185a1ae5331bab43f2a592222a25c8aca9c8031308"
            ],
            "version": "==0.28.1"
        },
        "google-cloud-runtimeconfig": {
            "hashes": [
                "sha256:095a1dab0d7b8e02dff06bee7844bb283a1c2c6f2e7333eb9896419a30143d82",
                "sha256:f441fbc22e2d0871ecb390854aa352cf467d2751cbc0dac7578274ead813519e"
            ],
            "version": "==0.28.1"
        },
        "google-cloud-spanner": {
            "hashes": [
                "sha256:39707e37e2399df0a6ea7f5b636fc06858359a70af92ac485bbba9bf810a43e7",
                "sha256:bc4c6269b07d0982289d4ecd9b88da943e097ab2104c79ce18e4966766bb877b"
            ],
            "version": "==0.29.0"
        },
        "google-cloud-speech": {
            "hashes": [
                "sha256:76e42ffdea4bb9790cac34d5a4cdb2e2d47a0e254a27dbbaf40fbd10fdb04e31",
                "sha256:ea920710b2fa74175bacc1f90a2eb326038eeaf3ce364c29a40e7eb70c7c7132"
            ],
            "version": "==0.30.0"
        },
        "google-cloud-storage": {
            "hashes": [
                "sha256:5db85fa905f85377c5ea9ea0fb4c5602343d2ecc09395aa2efbf9a21d27233fc",
                "sha256:939266b7d5c6df6d45a1aee2c47a09313f813e87790335f00c57708b49480054"
            ],
            "version": "==1.6.0"
        },
        "google-cloud-trace": {
            "hashes": [
                "sha256:b45bc7934ee459e83f1a4b04ba7a0de1be9fe004bcf494b9ff2f75e18414642c",
                "sha256:c926f55c141caf9fd0e29991caaba03a6364fe997384e2f48c34051f0f690186"
            ],
            "version": "==0.17.0"
        },
        "google-cloud-translate": {
            "hashes": [
                "sha256:4420f5b320145bf097ca9a12b18ec27c067886e2832d181f268c46c3bcb0d2e4",
                "sha256:7706814d8ee1be9668b5c204852d44e7f6c51d44a2822df772b7b2fa3fb7c6bb"
            ],
            "version": "==1.3.1"
        },
        "google-cloud-videointelligence": {
            "hashes": [
                "sha256:5c18e64bf41fc5f8203d3b4f7a88921ff8d6a09b8ce343da866274fa375dcb82",
                "sha256:d46b94f8d37da565a90fb282a4053ee1379b4cbe1e2b51dfef75444fd5422e5d"
            ],
            "version": "==1.0.1"
        },
        "google-cloud-vision": {
            "hashes": [
                "sha256:9442d3456935654920f002efa846271dc68b19f5a0b3e2c314a9edd9f34f30a3",
                "sha256:a4cd3f64ac2c2586a56ea00d27c58306465e3277873cc9bfce3677e9ccb2b039"
            ],
            "version": "==0.29.0"
        },
        "google-gax": {
            "hashes": [
                "sha256:518e8d5eb90774af2041080d242f4bcec4c6e653226c693901eaf82eda8a395c",
                "sha256:bc60cdfed5c657ea8542ba8102fb43862a1c4809d98ca5aa1fcc92f9d4f7403d"
            ],
            "version": "==0.15.16"
        },
        "google-resumable-media": {
            "hashes": [
                "sha256:116de90b9cd483b17c53618ee6a5a20f33e741c648140c8cc9c2141e07616ff1",
                "sha256:97de518f8166d442cc0b61fab308bcd319dbb970981e667ec8ded44f5ce49836"
            ],
            "version": "==0.3.1"
        },
        "googleapis-common-protos": {
            "hashes": [
                "sha256:c075eddaa2628ab519e01b7d75b76e66c40eaa50fc52758d8225f84708950ef2"
            ],
            "version": "==1.5.3"
        },
        "grpc-google-iam-v1": {
            "hashes": [
                "sha256:5009e831dcec22f3ff00e89405249d6a838d1449a46ac8224907aa5b0e0b1aec"
            ],
            "version": "==0.11.4"
        },
        "grpcio": {
            "hashes": [
                "sha256:0ab865bb54db1130d9dd50c6dcbd1750420b662904c1b2f63410c9a5b7f48a1f",
                "sha256:13bfbad5ec3fb5af27e498a152023c1907f2e0a019d64874247e3c8e98c084a3",
                "sha256:1c5d81bc5f9f7c48cd1855e7faef4938bc3864fa86c9ee96960728d29396fd95",
                "sha256:1f5070a4a99dd31a59315ed33e7cba31b94c059e8760d4f98c235de70fdef4df",
                "sha256:2dc81180600b383f0277ae829203c7ad60bea4c07eabebe2bbadddf0da005978",
                "sha256:38e3ff46413b7bc03a97588074ca7549ed422488e1ddc146e9ada90bf1727a0b",
                "sha256:49aeff3e370d97b0e007c294504afcd39cff082b8edc772788d10179e65d6ca2",
                "sha256:57a1bae9aea706167a3caaff8141fbdd97874eca85a310b2b63d8f0514435a74",
                "sha256:5dda97279f89ea3f1a59da314064da86fd7d4ae26fe6642765ee9418c41e306e",
                "sha256:62348ee3fbf6c9adb8962be93a67515ab9117d3889c5b3c14410ddbd0ade70d9",
                "sha256:69e30516bd077f7c71a368f8b7acbeeac59994a7c5b8ce4ba150961a13d748a8",
                "sha256:6f8a738e4a9011911b95a429387e22101e5155e5de6c455f33114887d501b763",
                "sha256:731850bf53cf24461df3402168bad5d56c32bb15d3b2f55ee24cff0bb9e149a7",
                "sha256:93c95628c5e83f168797d237c703ed3fc83343a70c2124445a8e3b6065a496ae",
                "sha256:9c27cb8c4505eb397a76da2c0f822d13b949689027ebdde166aeb653b9b9d508",
                "sha256:b61d3a7c45aa08f15dfa735a6a8282b5097be91ff36ad347594d3945ffc12181",
                "sha256:bcaad8468c54f999734ccabc2cb20bf0cd3db2b71443b31f1f6873868d9b6f95",
                "sha256:c74d971557ef4ba503cd498a5dd8f581f997192da3b9613ac927117a286a7c8d",
                "sha256:d25ddada30b6aadd68d25aa03a33e80c33765814b285e84764d8e81c043d7a5a",
                "sha256:ee1a117538f65a2503d036908b064e0097fb7c7a80a0baee0d2cb8787ed4c992",
                "sha256:f3fb5b2cdc2790bb92f4f6c750f91b6b33b400cded44b8c9696efb898e671b7e",
                "sha256:f9a31ddc4ee2e36fbd6a0f42a26e53878edc09f2aa7d65729a403366d907cb7a",
                "sha256:fa962573a2dce6eae0c6661f9e3e2e5dfdfe39a82ef87ce63e54ee50fed41242"
            ],
            "index": "pypi",
            "version": "==1.9.0"
        },
        "httplib2": {
            "hashes": [
                "sha256:e71daed9a0e6373642db61166fa70beecc9bf04383477f84671348c02a04cbdf"
            ],
            "version": "==0.11.3"
        },
        "idna": {
            "hashes": [
                "sha256:156a6814fb5ac1fc6850fb002e0852d56c0c8d2531923a51032d1b70760e186e",
                "sha256:684a38a6f903c1d71d6d5fac066b58d7768af4de2b832e426ec79c30daa94a16"
            ],
            "version": "==2.7"
        },
        "kombu": {
            "hashes": [
                "sha256:01f0da9fe222a2183345004243d1518c0fbe5875955f1b24842f2d9c65709ade",
                "sha256:4249d9dd9dbf1fcec471d1c2def20653c9310dd1a217272d77e4844f9d5273cb"
            ],
            "index": "pypi",
            "version": "==4.1.0"
        },
        "nose2": {
            "hashes": [
                "sha256:954a62cfb2d2ac06dad32995cbc822bf00cc11e20d543963515932fd4eff33fa"
            ],
            "index": "pypi",
            "version": "==0.7.4"
        },
        "oauth2client": {
            "hashes": [
                "sha256:5b5b056ec6f2304e7920b632885bd157fa71d1a7f3ddd00a43b1541a8d1a2460"
            ],
            "version": "==3.0.0"
        },
        "ply": {
            "hashes": [
                "sha256:e7d1bdff026beb159c9942f7a17e102c375638d9478a7ecd4cc0c76afd8de0b8"
            ],
            "version": "==3.8"
        },
        "proto-google-cloud-datastore-v1": {
            "hashes": [
                "sha256:a431bb6a286107900c9ce3c48d316378867293c50a4d8a6c7393264600e916f9"
            ],
            "version": "==0.90.4"
        },
        "proto-google-cloud-error-reporting-v1beta1": {
            "hashes": [
                "sha256:526f49ae84dec16aa4740415c86a919d48206001d116d12df5badc5b2b051b82"
            ],
            "version": "==0.15.3"
        },
        "proto-google-cloud-logging-v2": {
            "hashes": [
                "sha256:e0538745f0f33760ffd5116f33385113835a3b2042a6c914923be0539e5280ce"
            ],
            "version": "==0.91.3"
        },
        "protobuf": {
            "hashes": [
                "sha256:12985d9f40c104da2f44ec089449214876809b40fdc5d9e43b93b512b9e74056",
                "sha256:12c97fe27af12fc5d66b23f905ab09dd4fb0c68d5a74a419d914580e6d2e71e3",
                "sha256:327fb9d8a8247bc780b9ea7ed03c0643bc0d22c139b761c9ec1efc7cc3f0923e",
                "sha256:3895319db04c0b3baed74fb66be7ba9f4cd8e88a432b8e71032cdf08b2dfee23",
                "sha256:695072063e256d32335d48b9484451f7c7948edc3dbd419469d6a778602682fc",
                "sha256:7d786f3ef5b33a04e6538089674f244a3b0f588155016559d950989010af97d0",
                "sha256:8bf82bb7a466a54be7272dcb492f71d55a2453a58d862fb74c3f2083f2768543",
                "sha256:9bbc1ae1c33c1bd3a2fc05a3aec328544d2b039ff0ce6f000063628a32fad777",
                "sha256:9e992c68103ab5635728d29fcf132c669cb4e2db24d012685210276185009d17",
                "sha256:9f1087abb67b34e55108bc610936b34363a7aac692023bcbb17e065c253a1f80",
                "sha256:9fefcb92a3784b446abf3641d9a14dad815bee88e0edd10b9a9e0e144d01a991",
                "sha256:a37836aa47d1b81c2db1a6b7a5e79926062b5d76bd962115a0e615551be2b48d",
                "sha256:cca22955443c55cf86f963a4ad7057bca95e4dcde84d6a493066d380cfab3bb0",
                "sha256:d7ac50bc06d31deb07ace6de85556c1d7330e5c0958f3b2af85037d6d1182abf",
                "sha256:dfe6899304b898538f4dc94fa0b281b56b70e40f58afa4c6f807805261cbe2e8"
            ],
            "version": "==3.6.0"
        },
        "psutil": {
            "hashes": [
                "sha256:0ff2b16e9045d01edb1dd10d7fbcc184012e37f6cd38029e959f2be9c6223f50",
                "sha256:254adb6a27c888f141d2a6032ae231d8ed4fc5f7583b4c825e5f7d7c78d26d2e",
                "sha256:319e12f6bae4d4d988fbff3bed792953fa3b44c791f085b0a1a230f755671ef7",
                "sha256:529ae235896efb99a6f77653a7138273ab701ec9f0343a1f5030945108dee3c4",
                "sha256:686e5a35fe4c0acc25f3466c32e716f2d498aaae7b7edc03e2305b682226bcf6",
                "sha256:6d981b4d863b20c8ceed98b8ac3d1ca7f96d28707a80845d360fa69c8fc2c44b",
                "sha256:7789885a72aa3075d28d028236eb3f2b84d908f81d38ad41769a6ddc2fd81b7c",
                "sha256:7f4616bcb44a6afda930cfc40215e5e9fa7c6896e683b287c771c937712fbe2f",
                "sha256:7fdb3d02bfd68f508e6745021311a4a4dbfec53fca03721474e985f310e249ba",
                "sha256:a9b85b335b40a528a8e2a6b549592138de8429c6296e7361892958956e6a73cf",
                "sha256:dc85fad15ef98103ecc047a0d81b55bbf5fe1b03313b96e883acc2e2fa87ed5c"
            ],
            "version": "==5.4.6"
        },
        "pyasn1": {
            "hashes": [
                "sha256:24f21b4fd2dc2b344dee2205fa3930464aa21292216d3d6e39007a2e059e21af",
                "sha256:2f57960dc7a2820ea5a1782b872d974b639aa3b448ac6628d1ecc5d0fe3986f2",
                "sha256:3651774ca1c9726307560792877db747ba5e8a844ea1a41feb7670b319800ab3",
                "sha256:602fda674355b4701acd7741b2be5ac188056594bf1eecf690816d944e52905e",
                "sha256:8fb265066eac1d3bb5015c6988981b009ccefd294008ff7973ed5f64335b0f2d",
                "sha256:9334cb427609d2b1e195bb1e251f99636f817d7e3e1dffa150cb3365188fb992",
                "sha256:9a15cc13ff6bf5ed29ac936ca941400be050dff19630d6cd1df3fb978ef4c5ad",
                "sha256:a66dcda18dbf6e4663bde70eb30af3fc4fe1acb2d14c4867a861681887a5f9a2",
                "sha256:ba77f1e8d7d58abc42bfeddd217b545fdab4c1eeb50fd37c2219810ad56303bf",
                "sha256:cdc8eb2eaafb56de66786afa6809cd9db2df1b3b595dcb25aa5b9dc61189d40a",
                "sha256:d01fbba900c80b42af5c3fe1a999acf61e27bf0e452e0f1ef4619065e57622da",
                "sha256:f281bf11fe204f05859225ec2e9da7a7c140b65deccd8a4eb0bc75d0bd6949e0",
                "sha256:fb81622d8f3509f0026b0683fe90fea27be7284d3826a5f2edf97f69151ab0fc"
            ],
            "version": "==0.4.3"
        },
        "pyasn1-modules": {
            "hashes": [
                "sha256:077250b34432520430bc1c80dcbda4e354090785567c33ded35faa6df8d24753",
                "sha256:0da2f947e8ad2697e86fe5fd0e55a4093a2fd79d839c9e19c34e28097db7002c",
                "sha256:35ff894a0b5df8e28b700126b2869c7dcfb2b2db5bc82e5d5e82547069241553",
                "sha256:44688b94841349648b1e1a5a7a3d96e6596d5d4f21d0b59a82307e153c4dc74b",
                "sha256:833716dde880a7f2f2ccdeea9a096842626981ff2a477d8b318c0906367ac11b",
                "sha256:a0cf3e1842e7c60fde97cb22d275eb6f9524f5c5250489e292529de841417547",
                "sha256:a38a8811ea784c0136abfdba73963876328f66172db21a05a82f9515909bfb4e",
                "sha256:a728bb9502d1fdc104c66f24a176b6a70a32e89d1d8a5b55c959233ed51c67be",
                "sha256:c30a098435ea0989c37005a971843e9d3966c7f6d056ddbf052e5061c06e3291",
                "sha256:c355a45b32c5bc1d9893eceb704b0cfcd1126f91b5a7b9ee64c1c05383283381",
                "sha256:e64679de1940f41ead5170fce364d54e7b9e2e862f064727b6bcb5cee753b7a2",
                "sha256:ed71d20225c356881c29f0b1d7a0d6521563a389d9478e8f95d798cc5ba07b88",
                "sha256:f183f0940b9f5ed2ad9d04c80cab2451440fa9af4fc959d85113fadd2e777962"
            ],
            "version": "==0.2.2"
        },
        "python-dotenv": {
            "hashes": [
                "sha256:4965ed170bf51c347a89820e8050655e9c25db3837db6602e906b6d850fad85c",
                "sha256:509736185257111613009974e666568a1b031b028b61b500ef1ab4ee780089d5"
            ],
            "index": "pypi",
            "version": "==0.8.2"
        },
        "python-json-logger": {
            "hashes": [
                "sha256:a292e22c5e03105a05a746ade6209d43db1c4c763b91c75c8486e81d10904d85",
                "sha256:e3636824d35ba6a15fc39f573588cba63cf46322a5dc86fb2f280229077e9fbe"
            ],
            "index": "pypi",
            "version": "==0.1.9"
        },
        "pytz": {
            "hashes": [
                "sha256:a061aa0a9e06881eb8b3b2b43f05b9439d6583c206d0a6c340ff72a7b6669053",
                "sha256:ffb9ef1de172603304d9d2819af6f5ece76f2e85ec10692a524dd876e72bf277"
            ],
            "version": "==2018.5"
        },
        "requests": {
            "hashes": [
                "sha256:63b52e3c866428a224f97cab011de738c36aec0185aa91cfacd418b5d58911d1",
                "sha256:ec22d826a36ed72a7358ff3fe56cbd4ba69dd7a6718ffd450ff0e9df7a47ce6a"
            ],
            "index": "pypi",
            "version": "==2.19.1"
        },
        "rsa": {
            "hashes": [
                "sha256:25df4e10c263fb88b5ace923dd84bf9aa7f5019687b5e55382ffcdb8bede9db5",
                "sha256:43f682fea81c452c98d09fc316aae12de6d30c4b5c84226642cf8f8fd1c93abd"
            ],
            "version": "==3.4.2"
        },
        "six": {
            "hashes": [
                "sha256:70e8a77beed4562e7f14fe23a786b54f6296e34344c23bc42f07b15018ff98e9",
                "sha256:832dc0e10feb1aa2c68dcc57dbb658f1c7e65b9b61af69048abc87a2db00a0eb"
            ],
            "version": "==1.11.0"
        },
        "urllib3": {
            "hashes": [
                "sha256:a68ac5e15e76e7e5dd2b8f94007233e01effe3e50e8daddf69acfd81cb686baf",
                "sha256:b5725a0bd4ba422ab0e66e89e030c806576753ea3ee08554382c14e685d117b5"
            ],
            "version": "==1.23"
        },
        "vine": {
            "hashes": [
                "sha256:52116d59bc45392af9fdd3b75ed98ae48a93e822cee21e5fda249105c59a7a72",
                "sha256:6849544be74ec3638e84d90bc1cf2e1e9224cc10d96cd4383ec3f69e9bce077b"
            ],
            "version": "==1.1.4"
        }
    },
    "develop": {
        "astroid": {
            "hashes": [
                "sha256:0ef2bf9f07c3150929b25e8e61b5198c27b0dca195e156f0e4d5bdd89185ca1a",
                "sha256:fc9b582dba0366e63540982c3944a9230cbc6f303641c51483fa547dcc22393a"
            ],
            "version": "==1.6.5"
        },
        "isort": {
            "hashes": [
                "sha256:1153601da39a25b14ddc54955dbbacbb6b2d19135386699e2ad58517953b34af",
                "sha256:b9c40e9750f3d77e6e4d441d8b0266cf555e7cdabdcff33c4fd06366ca761ef8",
                "sha256:ec9ef8f4a9bc6f71eec99e1806bfa2de401650d996c59330782b89a5555c1497"
            ],
            "version": "==4.3.4"
        },
        "lazy-object-proxy": {
            "hashes": [
                "sha256:0ce34342b419bd8f018e6666bfef729aec3edf62345a53b537a4dcc115746a33",
                "sha256:1b668120716eb7ee21d8a38815e5eb3bb8211117d9a90b0f8e21722c0758cc39",
                "sha256:209615b0fe4624d79e50220ce3310ca1a9445fd8e6d3572a896e7f9146bbf019",
                "sha256:27bf62cb2b1a2068d443ff7097ee33393f8483b570b475db8ebf7e1cba64f088",
                "sha256:27ea6fd1c02dcc78172a82fc37fcc0992a94e4cecf53cb6d73f11749825bd98b",
                "sha256:2c1b21b44ac9beb0fc848d3993924147ba45c4ebc24be19825e57aabbe74a99e",
                "sha256:2df72ab12046a3496a92476020a1a0abf78b2a7db9ff4dc2036b8dd980203ae6",
                "sha256:320ffd3de9699d3892048baee45ebfbbf9388a7d65d832d7e580243ade426d2b",
                "sha256:50e3b9a464d5d08cc5227413db0d1c4707b6172e4d4d915c1c70e4de0bbff1f5",
                "sha256:5276db7ff62bb7b52f77f1f51ed58850e315154249aceb42e7f4c611f0f847ff",
                "sha256:61a6cf00dcb1a7f0c773ed4acc509cb636af2d6337a08f362413c76b2b47a8dd",
                "sha256:6ae6c4cb59f199d8827c5a07546b2ab7e85d262acaccaacd49b62f53f7c456f7",
                "sha256:7661d401d60d8bf15bb5da39e4dd72f5d764c5aff5a86ef52a042506e3e970ff",
                "sha256:7bd527f36a605c914efca5d3d014170b2cb184723e423d26b1fb2fd9108e264d",
                "sha256:7cb54db3535c8686ea12e9535eb087d32421184eacc6939ef15ef50f83a5e7e2",
                "sha256:7f3a2d740291f7f2c111d86a1c4851b70fb000a6c8883a59660d95ad57b9df35",
                "sha256:81304b7d8e9c824d058087dcb89144842c8e0dea6d281c031f59f0acf66963d4",
                "sha256:933947e8b4fbe617a51528b09851685138b49d511af0b6c0da2539115d6d4514",
                "sha256:94223d7f060301b3a8c09c9b3bc3294b56b2188e7d8179c762a1cda72c979252",
                "sha256:ab3ca49afcb47058393b0122428358d2fbe0408cf99f1b58b295cfeb4ed39109",
                "sha256:bd6292f565ca46dee4e737ebcc20742e3b5be2b01556dafe169f6c65d088875f",
                "sha256:cb924aa3e4a3fb644d0c463cad5bc2572649a6a3f68a7f8e4fbe44aaa6d77e4c",
                "sha256:d0fc7a286feac9077ec52a927fc9fe8fe2fabab95426722be4c953c9a8bede92",
                "sha256:ddc34786490a6e4ec0a855d401034cbd1242ef186c20d79d2166d6a4bd449577",
                "sha256:e34b155e36fa9da7e1b7c738ed7767fc9491a62ec6af70fe9da4a057759edc2d",
                "sha256:e5b9e8f6bda48460b7b143c3821b21b452cb3a835e6bbd5dd33aa0c8d3f5137d",
                "sha256:e81ebf6c5ee9684be8f2c87563880f93eedd56dd2b6146d8a725b50b7e5adb0f",
                "sha256:eb91be369f945f10d3a49f5f9be8b3d0b93a4c2be8f8a5b83b0571b8123e0a7a",
                "sha256:f460d1ceb0e4a5dcb2a652db0904224f367c9b3c1470d5a7683c0480e582468b"
            ],
            "version": "==1.3.1"
        },
        "mccabe": {
            "hashes": [
                "sha256:ab8a6258860da4b6677da4bd2fe5dc2c659cff31b3ee4f7f5d64e79735b80d42",
                "sha256:dd8d182285a0fe56bace7f45b5e7d1a6ebcbf524e8f3bd87eb0f125271b8831f"
            ],
            "version": "==0.6.1"
        },
        "pep8": {
            "hashes": [
                "sha256:b22cfae5db09833bb9bd7c8463b53e1a9c9b39f12e304a8d0bba729c501827ee",
                "sha256:fe249b52e20498e59e0b5c5256aa52ee99fc295b26ec9eaa85776ffdb9fe6374"
            ],
            "index": "pypi",
            "version": "==1.7.1"
        },
        "pylint": {
            "hashes": [
                "sha256:a48070545c12430cfc4e865bf62f5ad367784765681b3db442d8230f0960aa3c",
                "sha256:fff220bcb996b4f7e2b0f6812fd81507b72ca4d8c4d05daf2655c333800cb9b3"
            ],
            "index": "pypi",
            "version": "==1.9.2"
        },
        "six": {
            "hashes": [
                "sha256:70e8a77beed4562e7f14fe23a786b54f6296e34344c23bc42f07b15018ff98e9",
                "sha256:832dc0e10feb1aa2c68dcc57dbb658f1c7e65b9b61af69048abc87a2db00a0eb"
            ],
            "version": "==1.11.0"
        },
        "wrapt": {
            "hashes": [
                "sha256:d4d560d479f2c21e1b5443bbd15fe7ec4b37fe7e53d335d3b9b0a7b1226fe3c6"
            ],
            "version": "==1.10.11"
        }
    }
}
